// !$*UTF8*$!
{
	archiveVersion = 1;
	classes = {
	};
	objectVersion = 77;
	objects = {

/* Begin PBXBuildFile section */
		1FFB952E527B7197957B20BE /* GeregeShellKit in Frameworks */ = {isa = PBXBuildFile; productRef = B552CE8F5899F0CF0563E90D /* GeregeShellKit */; };
		2D72254570342CC490B37CAF /* Assets.xcassets in Resources */ = {isa = PBXBuildFile; fileRef = CAAD2443EC39658997C54885 /* Assets.xcassets */; };
		303B5C28B1E14FEDCDDE0DC4 /* GeregeShellUI in Frameworks */ = {isa = PBXBuildFile; productRef = 7845D0270BBBB4ABB317AE65 /* GeregeShellUI */; };
		33E8F272E9C45C7F0245F3AE /* eIDGeregeMNApp.swift in Sources */ = {isa = PBXBuildFile; fileRef = AC4259B693FB5A03CC4BF395 /* eIDGeregeMNApp.swift */; };
/* End PBXBuildFile section */

/* Begin PBXFileReference section */
		AC4259B693FB5A03CC4BF395 /* eIDGeregeMNApp.swift */ = {isa = PBXFileReference; lastKnownFileType = sourcecode.swift; path = eIDGeregeMNApp.swift; sourceTree = "<group>"; };
		BE8D2EBE63BD93A5EA79937E /* ios */ = {isa = PBXFileReference; lastKnownFileType = folder; name = ios; path = .; sourceTree = SOURCE_ROOT; };
		CAAD2443EC39658997C54885 /* Assets.xcassets */ = {isa = PBXFileReference; lastKnownFileType = folder.assetcatalog; path = Assets.xcassets; sourceTree = "<group>"; };
		E9B34EB67CA56283653138C7 /* eIDGeregeMN.app */ = {isa = PBXFileReference; includeInIndex = 0; lastKnownFileType = wrapper.application; path = eIDGeregeMN.app; sourceTree = BUILT_PRODUCTS_DIR; };
/* End PBXFileReference section */

/* Begin PBXFrameworksBuildPhase section */
		5E31C60994238E53CFCFD7B9 /* Frameworks */ = {
			isa = PBXFrameworksBuildPhase;
			buildActionMask = 2147483647;
			files = (
				1FFB952E527B7197957B20BE /* GeregeShellKit in Frameworks */,
				303B5C28B1E14FEDCDDE0DC4 /* GeregeShellUI in Frameworks */,
			);
			runOnlyForDeploymentPostprocessing = 0;
		};
/* End PBXFrameworksBuildPhase section */

/* Begin PBXGroup section */
		117C66A41C22D668D64C176A /* Packages */ = {
			isa = PBXGroup;
			children = (
				BE8D2EBE63BD93A5EA79937E /* ios */,
			);
			name = Packages;
			sourceTree = "<group>";
		};
		474667CD539B8505336629D9 /* Examples */ = {
			isa = PBXGroup;
			children = (
				AC4259B693FB5A03CC4BF395 /* eIDGeregeMNApp.swift */,
			);
			path = Examples;
			sourceTree = "<group>";
		};
		6C91C17038833E11C18A1DB6 = {
			isa = PBXGroup;
			children = (
				CAAD2443EC39658997C54885 /* Assets.xcassets */,
				474667CD539B8505336629D9 /* Examples */,
				117C66A41C22D668D64C176A /* Packages */,
				7ADC8414DFC3495D50FCE212 /* Products */,
			);
			sourceTree = "<group>";
		};
		7ADC8414DFC3495D50FCE212 /* Products */ = {
			isa = PBXGroup;
			children = (
				E9B34EB67CA56283653138C7 /* eIDGeregeMN.app */,
			);
			name = Products;
			sourceTree = "<group>";
		};
/* End PBXGroup section */

/* Begin PBXNativeTarget section */
		88EB06E85CCC1A74FE1F68D9 /* eIDGeregeMN */ = {
			isa = PBXNativeTarget;
			buildConfigurationList = 0213DCDF99AD1D2D8DA8B9D9 /* Build configuration list for PBXNativeTarget "eIDGeregeMN" */;
			buildPhases = (
				70734A114AB1E7D5CE4C0C59 /* Sources */,
				BBC0AF2213BF287112BE1797 /* Resources */,
				5E31C60994238E53CFCFD7B9 /* Frameworks */,
			);
			buildRules = (
			);
			dependencies = (
			);
			name = eIDGeregeMN;
			packageProductDependencies = (
				B552CE8F5899F0CF0563E90D /* GeregeShellKit */,
				7845D0270BBBB4ABB317AE65 /* GeregeShellUI */,
			);
			productName = eIDGeregeMN;
			productReference = E9B34EB67CA56283653138C7 /* eIDGeregeMN.app */;
			productType = "com.apple.product-type.application";
		};
/* End PBXNativeTarget section */

/* Begin PBXProject section */
		393B561D6403E2E8B07C4172 /* Project object */ = {
			isa = PBXProject;
			attributes = {
				BuildIndependentTargetsInParallel = YES;
				LastUpgradeCheck = 1600;
				TargetAttributes = {
					88EB06E85CCC1A74FE1F68D9 = {
						DevelopmentTeam = CQTHTD6YJQ;
						ProvisioningStyle = Automatic;
					};
				};
			};
			buildConfigurationList = 207281CE03088C2F9699AA72 /* Build configuration list for PBXProject "eIDGeregeMN" */;
			developmentRegion = en;
			hasScannedForEncodings = 0;
			knownRegions = (
				Base,
				en,
			);
			mainGroup = 6C91C17038833E11C18A1DB6;
			minimizedProjectReferenceProxies = 1;
			packageReferences = (
				0B4EA65E089CA9E6D7BE3FCF /* XCLocalSwiftPackageReference "." */,
			);
			preferredProjectObjectVersion = 77;
			productRefGroup = 7ADC8414DFC3495D50FCE212 /* Products */;
			projectDirPath = "";
			projectRoot = "";
			targets = (
				88EB06E85CCC1A74FE1F68D9 /* eIDGeregeMN */,
			);
		};
/* End PBXProject section */

/* Begin PBXResourcesBuildPhase section */
		BBC0AF2213BF287112BE1797 /* Resources */ = {
			isa = PBXResourcesBuildPhase;
			buildActionMask = 2147483647;
			files = (
				2D72254570342CC490B37CAF /* Assets.xcassets in Resources */,
			);
			runOnlyForDeploymentPostprocessing = 0;
		};
/* End PBXResourcesBuildPhase section */

/* Begin PBXSourcesBuildPhase section */
		70734A114AB1E7D5CE4C0C59 /* Sources */ = {
			isa = PBXSourcesBuildPhase;
			buildActionMask = 2147483647;
			files = (
				33E8F272E9C45C7F0245F3AE /* eIDGeregeMNApp.swift in Sources */,
			);
			runOnlyForDeploymentPostprocessing = 0;
		};
/* End PBXSourcesBuildPhase section */

/* Begin XCBuildConfiguration section */
		06825A8FEEF6496E88AA7A5B /* Release */ = {
			isa = XCBuildConfiguration;
			buildSettings = {
				ASSETCATALOG_COMPILER_APPICON_NAME = AppIcon;
				CODE_SIGN_ENTITLEMENTS = eIDGeregeMN.entitlements;
				CODE_SIGN_IDENTITY = "iPhone Developer";
				CODE_SIGN_STYLE = Automatic;
				DEVELOPMENT_TEAM = CQTHTD6YJQ;
				INFOPLIST_FILE = "eIDGeregeMN-Info.plist";
				INFOPLIST_KEY_CFBundleDisplayName = "eID Gerege";
				INFOPLIST_KEY_LSApplicationCategoryType = "public.app-category.business";
				INFOPLIST_KEY_NSFaceIDUsageDescription = "eID Gerege session-ийг аюулгүй нээхийн тулд Face ID ашиглана.";
				INFOPLIST_KEY_UIApplicationSupportsIndirectInputEvents = YES;
				INFOPLIST_KEY_UILaunchScreen_Generation = YES;
				LD_RUNPATH_SEARCH_PATHS = (
					"$(inherited)",
					"@executable_path/Frameworks",
				);
				PRODUCT_BUNDLE_IDENTIFIER = mn.gerege.eid.ios;
				PRODUCT_NAME = "eID Gerege";
				SDKROOT = iphoneos;
				SUPPORTS_MACCATALYST = NO;
				TARGETED_DEVICE_FAMILY = "1,2";
			};
			name = Release;
		};
		300D8B0D281AB64E9A16526F /* Debug */ = {
			isa = XCBuildConfiguration;
			buildSettings = {
				ALWAYS_SEARCH_USER_PATHS = NO;
				CLANG_ANALYZER_NONNULL = YES;
				CLANG_ANALYZER_NUMBER_OBJECT_CONVERSION = YES_AGGRESSIVE;
				CLANG_CXX_LANGUAGE_STANDARD = "gnu++14";
				CLANG_CXX_LIBRARY = "libc++";
				CLANG_ENABLE_MODULES = YES;
				CLANG_ENABLE_OBJC_ARC = YES;
				CLANG_ENABLE_OBJC_WEAK = YES;
				CLANG_WARN_BLOCK_CAPTURE_AUTORELEASING = YES;
				CLANG_WARN_BOOL_CONVERSION = YES;
				CLANG_WARN_COMMA = YES;
				CLANG_WARN_CONSTANT_CONVERSION = YES;
				CLANG_WARN_DEPRECATED_OBJC_IMPLEMENTATIONS = YES;
				CLANG_WARN_DIRECT_OBJC_ISA_USAGE = YES_ERROR;
				CLANG_WARN_DOCUMENTATION_COMMENTS = YES;
				CLANG_WARN_EMPTY_BODY = YES;
				CLANG_WARN_ENUM_CONVERSION = YES;
				CLANG_WARN_INFINITE_RECURSION = YES;
				CLANG_WARN_INT_CONVERSION = YES;
				CLANG_WARN_NON_LITERAL_NULL_CONVERSION = YES;
				CLANG_WARN_OBJC_IMPLICIT_RETAIN_SELF = YES;
				CLANG_WARN_OBJC_LITERAL_CONVERSION = YES;
				CLANG_WARN_OBJC_ROOT_CLASS = YES_ERROR;
				CLANG_WARN_QUOTED_INCLUDE_IN_FRAMEWORK_HEADER = YES;
				CLANG_WARN_RANGE_LOOP_ANALYSIS = YES;
				CLANG_WARN_STRICT_PROTOTYPES = YES;
				CLANG_WARN_SUSPICIOUS_MOVE = YES;
				CLANG_WARN_UNGUARDED_AVAILABILITY = YES_AGGRESSIVE;
				CLANG_WARN_UNREACHABLE_CODE = YES;
				CLANG_WARN__DUPLICATE_METHOD_MATCH = YES;
				COPY_PHASE_STRIP = NO;
				CURRENT_PROJECT_VERSION = 1;
				DEBUG_INFORMATION_FORMAT = dwarf;
				ENABLE_STRICT_OBJC_MSGSEND = YES;
				ENABLE_TESTABILITY = YES;
				GCC_C_LANGUAGE_STANDARD = gnu11;
				GCC_DYNAMIC_NO_PIC = NO;
				GCC_NO_COMMON_BLOCKS = YES;
				GCC_OPTIMIZATION_LEVEL = 0;
				GCC_PREPROCESSOR_DEFINITIONS = (
					"$(inherited)",
					"DEBUG=1",
				);
				GCC_WARN_64_TO_32_BIT_CONVERSION = YES;
				GCC_WARN_ABOUT_RETURN_TYPE = YES_ERROR;
				GCC_WARN_UNDECLARED_SELECTOR = YES;
				GCC_WARN_UNINITIALIZED_AUTOS = YES_AGGRESSIVE;
				GCC_WARN_UNUSED_FUNCTION = YES;
				GCC_WARN_UNUSED_VARIABLE = YES;
				IPHONEOS_DEPLOYMENT_TARGET = 16.0;
				MARKETING_VERSION = 1.0.0;
				MTL_ENABLE_DEBUG_INFO = INCLUDE_SOURCE;
				MTL_FAST_MATH = YES;
				ONLY_ACTIVE_ARCH = YES;
				PRODUCT_NAME = "$(TARGET_NAME)";
				SDKROOT = iphoneos;
				SWIFT_ACTIVE_COMPILATION_CONDITIONS = DEBUG;
				SWIFT_OPTIMIZATION_LEVEL = "-Onone";
				SWIFT_VERSION = 6.0;
			};
			name = Debug;
		};
		311CB2C25CAD398E7DE65740 /* Release */ = {
			isa = XCBuildConfiguration;
			buildSettings = {
				ALWAYS_SEARCH_USER_PATHS = NO;
				CLANG_ANALYZER_NONNULL = YES;
				CLANG_ANALYZER_NUMBER_OBJECT_CONVERSION = YES_AGGRESSIVE;
				CLANG_CXX_LANGUAGE_STANDARD = "gnu++14";
				CLANG_CXX_LIBRARY = "libc++";
				CLANG_ENABLE_MODULES = YES;
				CLANG_ENABLE_OBJC_ARC = YES;
				CLANG_ENABLE_OBJC_WEAK = YES;
				CLANG_WARN_BLOCK_CAPTURE_AUTORELEASING = YES;
				CLANG_WARN_BOOL_CONVERSION = YES;
				CLANG_WARN_COMMA = YES;
				CLANG_WARN_CONSTANT_CONVERSION = YES;
				CLANG_WARN_DEPRECATED_OBJC_IMPLEMENTATIONS = YES;
				CLANG_WARN_DIRECT_OBJC_ISA_USAGE = YES_ERROR;
				CLANG_WARN_DOCUMENTATION_COMMENTS = YES;
				CLANG_WARN_EMPTY_BODY = YES;
				CLANG_WARN_ENUM_CONVERSION = YES;
				CLANG_WARN_INFINITE_RECURSION = YES;
				CLANG_WARN_INT_CONVERSION = YES;
				CLANG_WARN_NON_LITERAL_NULL_CONVERSION = YES;
				CLANG_WARN_OBJC_IMPLICIT_RETAIN_SELF = YES;
				CLANG_WARN_OBJC_LITERAL_CONVERSION = YES;
				CLANG_WARN_OBJC_ROOT_CLASS = YES_ERROR;
				CLANG_WARN_QUOTED_INCLUDE_IN_FRAMEWORK_HEADER = YES;
				CLANG_WARN_RANGE_LOOP_ANALYSIS = YES;
				CLANG_WARN_STRICT_PROTOTYPES = YES;
				CLANG_WARN_SUSPICIOUS_MOVE = YES;
				CLANG_WARN_UNGUARDED_AVAILABILITY = YES_AGGRESSIVE;
				CLANG_WARN_UNREACHABLE_CODE = YES;
				CLANG_WARN__DUPLICATE_METHOD_MATCH = YES;
				COPY_PHASE_STRIP = NO;
				CURRENT_PROJECT_VERSION = 1;
				DEBUG_INFORMATION_FORMAT = "dwarf-with-dsym";
				ENABLE_NS_ASSERTIONS = NO;
				ENABLE_STRICT_OBJC_MSGSEND = YES;
				GCC_C_LANGUAGE_STANDARD = gnu11;
				GCC_NO_COMMON_BLOCKS = YES;
				GCC_WARN_64_TO_32_BIT_CONVERSION = YES;
				GCC_WARN_ABOUT_RETURN_TYPE = YES_ERROR;
				GCC_WARN_UNDECLARED_SELECTOR = YES;
				GCC_WARN_UNINITIALIZED_AUTOS = YES_AGGRESSIVE;
				GCC_WARN_UNUSED_FUNCTION = YES;
				GCC_WARN_UNUSED_VARIABLE = YES;
				IPHONEOS_DEPLOYMENT_TARGET = 16.0;
				MARKETING_VERSION = 1.0.0;
				MTL_ENABLE_DEBUG_INFO = NO;
				MTL_FAST_MATH = YES;
				PRODUCT_NAME = "$(TARGET_NAME)";
				SDKROOT = iphoneos;
				SWIFT_COMPILATION_MODE = wholemodule;
				SWIFT_OPTIMIZATION_LEVEL = "-O";
				SWIFT_VERSION = 6.0;
			};
			name = Release;
		};
		5E0F6AF4C05D8C2A310F141F /* Debug */ = {
			isa = XCBuildConfiguration;
			buildSettings = {
				ASSETCATALOG_COMPILER_APPICON_NAME = AppIcon;
				CODE_SIGN_ENTITLEMENTS = eIDGeregeMN.entitlements;
				CODE_SIGN_IDENTITY = "iPhone Developer";
				CODE_SIGN_STYLE = Automatic;
				DEVELOPMENT_TEAM = CQTHTD6YJQ;
				INFOPLIST_FILE = "eIDGeregeMN-Info.plist";
				INFOPLIST_KEY_CFBundleDisplayName = "eID Gerege";
				INFOPLIST_KEY_LSApplicationCategoryType = "public.app-category.business";
				INFOPLIST_KEY_NSFaceIDUsageDescription = "eID Gerege session-ийг аюулгүй нээхийн тулд Face ID ашиглана.";
				INFOPLIST_KEY_UIApplicationSupportsIndirectInputEvents = YES;
				INFOPLIST_KEY_UILaunchScreen_Generation = YES;
				LD_RUNPATH_SEARCH_PATHS = (
					"$(inherited)",
					"@executable_path/Frameworks",
				);
				PRODUCT_BUNDLE_IDENTIFIER = mn.gerege.eid.ios;
				PRODUCT_NAME = "eID Gerege";
				SDKROOT = iphoneos;
				SUPPORTS_MACCATALYST = NO;
				TARGETED_DEVICE_FAMILY = "1,2";
			};
			name = Debug;
		};
/* End XCBuildConfiguration section */

/* Begin XCConfigurationList section */
		0213DCDF99AD1D2D8DA8B9D9 /* Build configuration list for PBXNativeTarget "eIDGeregeMN" */ = {
			isa = XCConfigurationList;
			buildConfigurations = (
				5E0F6AF4C05D8C2A310F141F /* Debug */,
				06825A8FEEF6496E88AA7A5B /* Release */,
			);
			defaultConfigurationIsVisible = 0;
			defaultConfigurationName = Debug;
		};
		207281CE03088C2F9699AA72 /* Build configuration list for PBXProject "eIDGeregeMN" */ = {
			isa = XCConfigurationList;
			buildConfigurations = (
				300D8B0D281AB64E9A16526F /* Debug */,
				311CB2C25CAD398E7DE65740 /* Release */,
			);
			defaultConfigurationIsVisible = 0;
			defaultConfigurationName = Debug;
		};
/* End XCConfigurationList section */

/* Begin XCLocalSwiftPackageReference section */
		0B4EA65E089CA9E6D7BE3FCF /* XCLocalSwiftPackageReference "." */ = {
			isa = XCLocalSwiftPackageReference;
			relativePath = .;
		};
/* End XCLocalSwiftPackageReference section */

/* Begin XCSwiftPackageProductDependency section */
		7845D0270BBBB4ABB317AE65 /* GeregeShellUI */ = {
			isa = XCSwiftPackageProductDependency;
			productName = GeregeShellUI;
		};
		B552CE8F5899F0CF0563E90D /* GeregeShellKit */ = {
			isa = XCSwiftPackageProductDependency;
			productName = GeregeShellKit;
		};
/* End XCSwiftPackageProductDependency section */
	};
	rootObject = 393B561D6403E2E8B07C4172 /* Project object */;
}
